# This file was autogenerated by Stack.
# You should not edit this file by hand.
# For more information, please see the documentation at:
#   https://docs.haskellstack.org/en/stable/lock_files

packages: []
snapshots:
- completed:
    size: 617444
    url: https://raw.githubusercontent.com/commercialhaskell/stackage-snapshots/master/nightly/2022/7/28.yaml
    sha256: 83cd17c52003e19611bd84c678f78fb0d98828ab8bc300a0b53ff2ae4f894ac5
  original: nightly-2022-07-28
